
Microsoft Visual Studio Solution File, Format Version 12.00
# Visual Studio Version 17
VisualStudioVersion = 17.10.35013.160
MinimumVisualStudioVersion = 10.0.40219.1
Project("{FAE04EC0-301F-11D3-BF4B-00C04F79EFBC}") = "Quizmaker", "Quizmaker\Quizmaker.csproj", "{6C900FBA-241A-46DA-A0F1-EB9093EB1BF6}"
EndProject
Global
	GlobalSection(SolutionConfigurationPlatforms) = preSolution
		Debug|Any CPU = Debug|Any CPU
		Release|Any CPU = Release|Any CPU
	EndGlobalSection
	GlobalSection(ProjectConfigurationPlatforms) = postSolution
		{6C900FBA-241A-46DA-A0F1-EB9093EB1BF6}.Debug|Any CPU.ActiveCfg = Debug|Any CPU
		{6C900FBA-241A-46DA-A0F1-EB9093EB1BF6}.Debug|Any CPU.Build.0 = Debug|Any CPU
		{6C900FBA-241A-46DA-A0F1-EB9093EB1BF6}.Release|Any CPU.ActiveCfg = Release|Any CPU
		{6C900FBA-241A-46DA-A0F1-EB9093EB1BF6}.Release|Any CPU.Build.0 = Release|Any CPU
	EndGlobalSection
	GlobalSection(SolutionProperties) = preSolution
		HideSolutionNode = FALSE
	EndGlobalSection
	GlobalSection(ExtensibilityGlobals) = postSolution
		SolutionGuid = {EE94067C-BE21-4296-9F04-9103D27613F9}
	EndGlobalSection
EndGlobal
